
Microsoft Visual Studio Solution File, Format Version 12.00
# Visual Studio Version 17
VisualStudioVersion = 17.0.31903.59
MinimumVisualStudioVersion = 10.0.40219.1
Project("{2150E333-8FDC-42A3-9474-1A3956D46DE8}") = "src", "src", "{827E0CD3-B72D-47B6-A68D-7590B98EB39B}"
EndProject
Project("{FAE04EC0-301F-11D3-BF4B-00C04F79EFBC}") = "TodoList.Domain", "src\TodoList.Domain\TodoList.Domain.csproj", "{73B9C045-CB0B-47CB-807D-C5F0C8A12E7B}"
EndProject
Project("{FAE04EC0-301F-11D3-BF4B-00C04F79EFBC}") = "TodoList.Application", "src\TodoList.Application\TodoList.Application.csproj", "{EB6B4901-34B1-4B8B-840C-B4FA448272B8}"
EndProject
Project("{FAE04EC0-301F-11D3-BF4B-00C04F79EFBC}") = "TodoList.Infrastructure", "src\TodoList.Infrastructure\TodoList.Infrastructure.csproj", "{F263F2EC-32DE-41DB-B994-5A7A44D01192}"
EndProject
Project("{FAE04EC0-301F-11D3-BF4B-00C04F79EFBC}") = "TodoList.API", "src\TodoList.API\TodoList.API.csproj", "{08A1F7EF-EED5-46A2-87FE-2A1E95342BD8}"
EndProject
Project("{2150E333-8FDC-42A3-9474-1A3956D46DE8}") = "tests", "tests", "{0AB3BF05-4346-4AA6-1389-037BE0695223}"
EndProject
Project("{FAE04EC0-301F-11D3-BF4B-00C04F79EFBC}") = "TodoList.Domain.Tests", "tests\TodoList.Domain.Tests\TodoList.Domain.Tests.csproj", "{3EBC6BA1-EF03-4A73-8B68-56514B2092D9}"
EndProject
Project("{FAE04EC0-301F-11D3-BF4B-00C04F79EFBC}") = "TodoList.Application.Tests", "tests\TodoList.Application.Tests\TodoList.Application.Tests.csproj", "{D9FDD059-46FB-46D6-8BB0-B6E875D29D60}"
EndProject
Project("{FAE04EC0-301F-11D3-BF4B-00C04F79EFBC}") = "TodoList.API.Tests", "tests\TodoList.API.Tests\TodoList.API.Tests.csproj", "{C763565D-C833-4F9E-8401-DF2995905EA7}"
EndProject
Global
	GlobalSection(SolutionConfigurationPlatforms) = preSolution
		Debug|Any CPU = Debug|Any CPU
		Debug|x64 = Debug|x64
		Debug|x86 = Debug|x86
		Release|Any CPU = Release|Any CPU
		Release|x64 = Release|x64
		Release|x86 = Release|x86
	EndGlobalSection
	GlobalSection(ProjectConfigurationPlatforms) = postSolution
		{73B9C045-CB0B-47CB-807D-C5F0C8A12E7B}.Debug|Any CPU.ActiveCfg = Debug|Any CPU
		{73B9C045-CB0B-47CB-807D-C5F0C8A12E7B}.Debug|Any CPU.Build.0 = Debug|Any CPU
		{73B9C045-CB0B-47CB-807D-C5F0C8A12E7B}.Debug|x64.ActiveCfg = Debug|Any CPU
		{73B9C045-CB0B-47CB-807D-C5F0C8A12E7B}.Debug|x64.Build.0 = Debug|Any CPU
		{73B9C045-CB0B-47CB-807D-C5F0C8A12E7B}.Debug|x86.ActiveCfg = Debug|Any CPU
		{73B9C045-CB0B-47CB-807D-C5F0C8A12E7B}.Debug|x86.Build.0 = Debug|Any CPU
		{73B9C045-CB0B-47CB-807D-C5F0C8A12E7B}.Release|Any CPU.ActiveCfg = Release|Any CPU
		{73B9C045-CB0B-47CB-807D-C5F0C8A12E7B}.Release|Any CPU.Build.0 = Release|Any CPU
		{73B9C045-CB0B-47CB-807D-C5F0C8A12E7B}.Release|x64.ActiveCfg = Release|Any CPU
		{73B9C045-CB0B-47CB-807D-C5F0C8A12E7B}.Release|x64.Build.0 = Release|Any CPU
		{73B9C045-CB0B-47CB-807D-C5F0C8A12E7B}.Release|x86.ActiveCfg = Release|Any CPU
		{73B9C045-CB0B-47CB-807D-C5F0C8A12E7B}.Release|x86.Build.0 = Release|Any CPU
		{EB6B4901-34B1-4B8B-840C-B4FA448272B8}.Debug|Any CPU.ActiveCfg = Debug|Any CPU
		{EB6B4901-34B1-4B8B-840C-B4FA448272B8}.Debug|Any CPU.Build.0 = Debug|Any CPU
		{EB6B4901-34B1-4B8B-840C-B4FA448272B8}.Debug|x64.ActiveCfg = Debug|Any CPU
		{EB6B4901-34B1-4B8B-840C-B4FA448272B8}.Debug|x64.Build.0 = Debug|Any CPU
		{EB6B4901-34B1-4B8B-840C-B4FA448272B8}.Debug|x86.ActiveCfg = Debug|Any CPU
		{EB6B4901-34B1-4B8B-840C-B4FA448272B8}.Debug|x86.Build.0 = Debug|Any CPU
		{EB6B4901-34B1-4B8B-840C-B4FA448272B8}.Release|Any CPU.ActiveCfg = Release|Any CPU
		{EB6B4901-34B1-4B8B-840C-B4FA448272B8}.Release|Any CPU.Build.0 = Release|Any CPU
		{EB6B4901-34B1-4B8B-840C-B4FA448272B8}.Release|x64.ActiveCfg = Release|Any CPU
		{EB6B4901-34B1-4B8B-840C-B4FA448272B8}.Release|x64.Build.0 = Release|Any CPU
		{EB6B4901-34B1-4B8B-840C-B4FA448272B8}.Release|x86.ActiveCfg = Release|Any CPU
		{EB6B4901-34B1-4B8B-840C-B4FA448272B8}.Release|x86.Build.0 = Release|Any CPU
		{F263F2EC-32DE-41DB-B994-5A7A44D01192}.Debug|Any CPU.ActiveCfg = Debug|Any CPU
		{F263F2EC-32DE-41DB-B994-5A7A44D01192}.Debug|Any CPU.Build.0 = Debug|Any CPU
		{F263F2EC-32DE-41DB-B994-5A7A44D01192}.Debug|x64.ActiveCfg = Debug|Any CPU
		{F263F2EC-32DE-41DB-B994-5A7A44D01192}.Debug|x64.Build.0 = Debug|Any CPU
		{F263F2EC-32DE-41DB-B994-5A7A44D01192}.Debug|x86.ActiveCfg = Debug|Any CPU
		{F263F2EC-32DE-41DB-B994-5A7A44D01192}.Debug|x86.Build.0 = Debug|Any CPU
		{F263F2EC-32DE-41DB-B994-5A7A44D01192}.Release|Any CPU.ActiveCfg = Release|Any CPU
		{F263F2EC-32DE-41DB-B994-5A7A44D01192}.Release|Any CPU.Build.0 = Release|Any CPU
		{F263F2EC-32DE-41DB-B994-5A7A44D01192}.Release|x64.ActiveCfg = Release|Any CPU
		{F263F2EC-32DE-41DB-B994-5A7A44D01192}.Release|x64.Build.0 = Release|Any CPU
		{F263F2EC-32DE-41DB-B994-5A7A44D01192}.Release|x86.ActiveCfg = Release|Any CPU
		{F263F2EC-32DE-41DB-B994-5A7A44D01192}.Release|x86.Build.0 = Release|Any CPU
		{08A1F7EF-EED5-46A2-87FE-2A1E95342BD8}.Debug|Any CPU.ActiveCfg = Debug|Any CPU
		{08A1F7EF-EED5-46A2-87FE-2A1E95342BD8}.Debug|Any CPU.Build.0 = Debug|Any CPU
		{08A1F7EF-EED5-46A2-87FE-2A1E95342BD8}.Debug|x64.ActiveCfg = Debug|Any CPU
		{08A1F7EF-EED5-46A2-87FE-2A1E95342BD8}.Debug|x64.Build.0 = Debug|Any CPU
		{08A1F7EF-EED5-46A2-87FE-2A1E95342BD8}.Debug|x86.ActiveCfg = Debug|Any CPU
		{08A1F7EF-EED5-46A2-87FE-2A1E95342BD8}.Debug|x86.Build.0 = Debug|Any CPU
		{08A1F7EF-EED5-46A2-87FE-2A1E95342BD8}.Release|Any CPU.ActiveCfg = Release|Any CPU
		{08A1F7EF-EED5-46A2-87FE-2A1E95342BD8}.Release|Any CPU.Build.0 = Release|Any CPU
		{08A1F7EF-EED5-46A2-87FE-2A1E95342BD8}.Release|x64.ActiveCfg = Release|Any CPU
		{08A1F7EF-EED5-46A2-87FE-2A1E95342BD8}.Release|x64.Build.0 = Release|Any CPU
		{08A1F7EF-EED5-46A2-87FE-2A1E95342BD8}.Release|x86.ActiveCfg = Release|Any CPU
		{08A1F7EF-EED5-46A2-87FE-2A1E95342BD8}.Release|x86.Build.0 = Release|Any CPU
		{3EBC6BA1-EF03-4A73-8B68-56514B2092D9}.Debug|Any CPU.ActiveCfg = Debug|Any CPU
		{3EBC6BA1-EF03-4A73-8B68-56514B2092D9}.Debug|Any CPU.Build.0 = Debug|Any CPU
		{3EBC6BA1-EF03-4A73-8B68-56514B2092D9}.Debug|x64.ActiveCfg = Debug|Any CPU
		{3EBC6BA1-EF03-4A73-8B68-56514B2092D9}.Debug|x64.Build.0 = Debug|Any CPU
		{3EBC6BA1-EF03-4A73-8B68-56514B2092D9}.Debug|x86.ActiveCfg = Debug|Any CPU
		{3EBC6BA1-EF03-4A73-8B68-56514B2092D9}.Debug|x86.Build.0 = Debug|Any CPU
		{3EBC6BA1-EF03-4A73-8B68-56514B2092D9}.Release|Any CPU.ActiveCfg = Release|Any CPU
		{3EBC6BA1-EF03-4A73-8B68-56514B2092D9}.Release|Any CPU.Build.0 = Release|Any CPU
		{3EBC6BA1-EF03-4A73-8B68-56514B2092D9}.Release|x64.ActiveCfg = Release|Any CPU
		{3EBC6BA1-EF03-4A73-8B68-56514B2092D9}.Release|x64.Build.0 = Release|Any CPU
		{3EBC6BA1-EF03-4A73-8B68-56514B2092D9}.Release|x86.ActiveCfg = Release|Any CPU
		{3EBC6BA1-EF03-4A73-8B68-56514B2092D9}.Release|x86.Build.0 = Release|Any CPU
		{D9FDD059-46FB-46D6-8BB0-B6E875D29D60}.Debug|Any CPU.ActiveCfg = Debug|Any CPU
		{D9FDD059-46FB-46D6-8BB0-B6E875D29D60}.Debug|Any CPU.Build.0 = Debug|Any CPU
		{D9FDD059-46FB-46D6-8BB0-B6E875D29D60}.Debug|x64.ActiveCfg = Debug|Any CPU
		{D9FDD059-46FB-46D6-8BB0-B6E875D29D60}.Debug|x64.Build.0 = Debug|Any CPU
		{D9FDD059-46FB-46D6-8BB0-B6E875D29D60}.Debug|x86.ActiveCfg = Debug|Any CPU
		{D9FDD059-46FB-46D6-8BB0-B6E875D29D60}.Debug|x86.Build.0 = Debug|Any CPU
		{D9FDD059-46FB-46D6-8BB0-B6E875D29D60}.Release|Any CPU.ActiveCfg = Release|Any CPU
		{D9FDD059-46FB-46D6-8BB0-B6E875D29D60}.Release|Any CPU.Build.0 = Release|Any CPU
		{D9FDD059-46FB-46D6-8BB0-B6E875D29D60}.Release|x64.ActiveCfg = Release|Any CPU
		{D9FDD059-46FB-46D6-8BB0-B6E875D29D60}.Release|x64.Build.0 = Release|Any CPU
		{D9FDD059-46FB-46D6-8BB0-B6E875D29D60}.Release|x86.ActiveCfg = Release|Any CPU
		{D9FDD059-46FB-46D6-8BB0-B6E875D29D60}.Release|x86.Build.0 = Release|Any CPU
		{C763565D-C833-4F9E-8401-DF2995905EA7}.Debug|Any CPU.ActiveCfg = Debug|Any CPU
		{C763565D-C833-4F9E-8401-DF2995905EA7}.Debug|Any CPU.Build.0 = Debug|Any CPU
		{C763565D-C833-4F9E-8401-DF2995905EA7}.Debug|x64.ActiveCfg = Debug|Any CPU
		{C763565D-C833-4F9E-8401-DF2995905EA7}.Debug|x64.Build.0 = Debug|Any CPU
		{C763565D-C833-4F9E-8401-DF2995905EA7}.Debug|x86.ActiveCfg = Debug|Any CPU
		{C763565D-C833-4F9E-8401-DF2995905EA7}.Debug|x86.Build.0 = Debug|Any CPU
		{C763565D-C833-4F9E-8401-DF2995905EA7}.Release|Any CPU.ActiveCfg = Release|Any CPU
		{C763565D-C833-4F9E-8401-DF2995905EA7}.Release|Any CPU.Build.0 = Release|Any CPU
		{C763565D-C833-4F9E-8401-DF2995905EA7}.Release|x64.ActiveCfg = Release|Any CPU
		{C763565D-C833-4F9E-8401-DF2995905EA7}.Release|x64.Build.0 = Release|Any CPU
		{C763565D-C833-4F9E-8401-DF2995905EA7}.Release|x86.ActiveCfg = Release|Any CPU
		{C763565D-C833-4F9E-8401-DF2995905EA7}.Release|x86.Build.0 = Release|Any CPU
	EndGlobalSection
	GlobalSection(SolutionProperties) = preSolution
		HideSolutionNode = FALSE
	EndGlobalSection
	GlobalSection(NestedProjects) = preSolution
		{73B9C045-CB0B-47CB-807D-C5F0C8A12E7B} = {827E0CD3-B72D-47B6-A68D-7590B98EB39B}
		{EB6B4901-34B1-4B8B-840C-B4FA448272B8} = {827E0CD3-B72D-47B6-A68D-7590B98EB39B}
		{F263F2EC-32DE-41DB-B994-5A7A44D01192} = {827E0CD3-B72D-47B6-A68D-7590B98EB39B}
		{08A1F7EF-EED5-46A2-87FE-2A1E95342BD8} = {827E0CD3-B72D-47B6-A68D-7590B98EB39B}
		{3EBC6BA1-EF03-4A73-8B68-56514B2092D9} = {0AB3BF05-4346-4AA6-1389-037BE0695223}
		{D9FDD059-46FB-46D6-8BB0-B6E875D29D60} = {0AB3BF05-4346-4AA6-1389-037BE0695223}
		{C763565D-C833-4F9E-8401-DF2995905EA7} = {0AB3BF05-4346-4AA6-1389-037BE0695223}
	EndGlobalSection
EndGlobal
